PODS:
  - FBSnapshotTestCase (2.0.7):
    - FBSnapshotTestCase/SwiftSupport (= 2.0.7)
  - FBSnapshotTestCase/Core (2.0.7)
  - FBSnapshotTestCase/SwiftSupport (2.0.7):
    - FBSnapshotTestCase/Core
  - STComboBox (0.1.0)

DEPENDENCIES:
  - FBSnapshotTestCase
  - STComboBox (from `../`)

EXTERNAL SOURCES:
  STComboBox:
    :path: "../"

SPEC CHECKSUMS:
  FBSnapshotTestCase: 7e85180d0d141a0cf472352edda7e80d7eaeb547
  STComboBox: ec4c4670700320f39dc9db9d47f05d183caefef8

COCOAPODS: 0.39.0
